// !$*UTF8*$!
{
	archiveVersion = 1;
	classes = {
	};
	objectVersion = 48;
	objects = {

/* Begin PBXBuildFile section */
		3B00616E2052FE44003C5487 /* Car.m in Sources */ = {isa = PBXBuildFile; fileRef = 3B00616D2052FE44003C5487 /* Car.m */; };
		3B404BD820583A4C003B1B6F /* Toyota.m in Sources */ = {isa = PBXBuildFile; fileRef = 3B404BD720583A4C003B1B6F /* Toyota.m */; };
		3BA127D22045ED3400240E95 /* main.m in Sources */ = {isa = PBXBuildFile; fileRef = 3BA127D12045ED3400240E95 /* main.m */; };
/* End PBXBuildFile section */

/* Begin PBXCopyFilesBuildPhase section */
		3BA127CC2045ED3400240E95 /* CopyFiles */ = {
			isa = PBXCopyFilesBuildPhase;
			buildActionMask = 2147483647;
			dstPath = /usr/share/man/man1/;
			dstSubfolderSpec = 0;
			files = (
			);
			runOnlyForDeploymentPostprocessing = 1;
		};
/* End PBXCopyFilesBuildPhase section */

/* Begin PBXFileReference section */
		3B00616C2052FE44003C5487 /* Car.h */ = {isa = PBXFileReference; lastKnownFileType = sourcecode.c.h; path = Car.h; sourceTree = "<group>"; };
		3B00616D2052FE44003C5487 /* Car.m */ = {isa = PBXFileReference; lastKnownFileType = sourcecode.c.objc; path = Car.m; sourceTree = "<group>"; };
		3B404BD620583A4C003B1B6F /* Toyota.h */ = {isa = PBXFileReference; lastKnownFileType = sourcecode.c.h; path = Toyota.h; sourceTree = "<group>"; };
		3B404BD720583A4C003B1B6F /* Toyota.m */ = {isa = PBXFileReference; lastKnownFileType = sourcecode.c.objc; path = Toyota.m; sourceTree = "<group>"; };
		3BA127CE2045ED3400240E95 /* ToyotasAreCarsToo */ = {isa = PBXFileReference; explicitFileType = "compiled.mach-o.executable"; includeInIndex = 0; path = ToyotasAreCarsToo; sourceTree = BUILT_PRODUCTS_DIR; };
		3BA127D12045ED3400240E95 /* main.m */ = {isa = PBXFileReference; lastKnownFileType = sourcecode.c.objc; path = main.m; sourceTree = "<group>"; };
/* End PBXFileReference section */

/* Begin PBXFrameworksBuildPhase section */
		3BA127CB2045ED3400240E95 /* Frameworks */ = {
			isa = PBXFrameworksBuildPhase;
			buildActionMask = 2147483647;
			files = (
			);
			runOnlyForDeploymentPostprocessing = 0;
		};
/* End PBXFrameworksBuildPhase section */

/* Begin PBXGroup section */
		3BA127C52045ED3400240E95 = {
			isa = PBXGroup;
			children = (
				3BA127D02045ED3400240E95 /* ToyotasAreCarsToo */,
				3BA127CF2045ED3400240E95 /* Products */,
			);
			sourceTree = "<group>";
		};
		3BA127CF2045ED3400240E95 /* Products */ = {
			isa = PBXGroup;
			children = (
				3BA127CE2045ED3400240E95 /* ToyotasAreCarsToo */,
			);
			name = Products;
			sourceTree = "<group>";
		};
		3BA127D02045ED3400240E95 /* ToyotasAreCarsToo */ = {
			isa = PBXGroup;
			children = (
				3BA127D12045ED3400240E95 /* main.m */,
				3B00616C2052FE44003C5487 /* Car.h */,
				3B00616D2052FE44003C5487 /* Car.m */,
				3B404BD620583A4C003B1B6F /* Toyota.h */,
				3B404BD720583A4C003B1B6F /* Toyota.m */,
			);
			path = ToyotasAreCarsToo;
			sourceTree = "<group>";
		};
/* End PBXGroup section */

/* Begin PBXNativeTarget section */
		3BA127CD2045ED3400240E95 /* ToyotasAreCarsToo */ = {
			isa = PBXNativeTarget;
			buildConfigurationList = 3BA127D52045ED3400240E95 /* Build configuration list for PBXNativeTarget "ToyotasAreCarsToo" */;
			buildPhases = (
				3BA127CA2045ED3400240E95 /* Sources */,
				3BA127CB2045ED3400240E95 /* Frameworks */,
				3BA127CC2045ED3400240E95 /* CopyFiles */,
			);
			buildRules = (
			);
			dependencies = (
			);
			name = ToyotasAreCarsToo;
			productName = ToyotasAreCarsToo;
			productReference = 3BA127CE2045ED3400240E95 /* ToyotasAreCarsToo */;
			productType = "com.apple.product-type.tool";
		};
/* End PBXNativeTarget section */

/* Begin PBXProject section */
		3BA127C62045ED3400240E95 /* Project object */ = {
			isa = PBXProject;
			attributes = {
				LastUpgradeCheck = 0920;
				ORGANIZATIONNAME = "Colin Russell";
				TargetAttributes = {
					3BA127CD2045ED3400240E95 = {
						CreatedOnToolsVersion = 9.2;
						ProvisioningStyle = Automatic;
					};
				};
			};
			buildConfigurationList = 3BA127C92045ED3400240E95 /* Build configuration list for PBXProject "ToyotasAreCarsToo" */;
			compatibilityVersion = "Xcode 8.0";
			developmentRegion = en;
			hasScannedForEncodings = 0;
			knownRegions = (
				en,
			);
			mainGroup = 3BA127C52045ED3400240E95;
			productRefGroup = 3BA127CF2045ED3400240E95 /* Products */;
			projectDirPath = "";
			projectRoot = "";
			targets = (
				3BA127CD2045ED3400240E95 /* ToyotasAreCarsToo */,
			);
		};
/* End PBXProject section */

/* Begin PBXSourcesBuildPhase section */
		3BA127CA2045ED3400240E95 /* Sources */ = {
			isa = PBXSourcesBuildPhase;
			buildActionMask = 2147483647;
			files = (
				3B00616E2052FE44003C5487 /* Car.m in Sources */,
				3B404BD820583A4C003B1B6F /* Toyota.m in Sources */,
				3BA127D22045ED3400240E95 /* main.m in Sources */,
			);
			runOnlyForDeploymentPostprocessing = 0;
		};
/* End PBXSourcesBuildPhase section */

/* Begin XCBuildConfiguration section */
		3BA127D32045ED3400240E95 /* Debug */ = {
			isa = XCBuildConfiguration;
			buildSettings = {
				ALWAYS_SEARCH_USER_PATHS = NO;
				CLANG_ANALYZER_NONNULL = YES;
				CLANG_ANALYZER_NUMBER_OBJECT_CONVERSION = YES_AGGRESSIVE;
				CLANG_CXX_LANGUAGE_STANDARD = "gnu++14";
				CLANG_CXX_LIBRARY = "libc++";
				CLANG_ENABLE_MODULES = YES;
				CLANG_ENABLE_OBJC_ARC = YES;
				CLANG_WARN_BLOCK_CAPTURE_AUTORELEASING = YES;
				CLANG_WARN_BOOL_CONVERSION = YES;
				CLANG_WARN_COMMA = YES;
				CLANG_WARN_CONSTANT_CONVERSION = YES;
				CLANG_WARN_DIRECT_OBJC_ISA_USAGE = YES_ERROR;
				CLANG_WARN_DOCUMENTATION_COMMENTS = YES;
				CLANG_WARN_EMPTY_BODY = YES;
				CLANG_WARN_ENUM_CONVERSION = YES;
				CLANG_WARN_INFINITE_RECURSION = YES;
				CLANG_WARN_INT_CONVERSION = YES;
				CLANG_WARN_NON_LITERAL_NULL_CONVERSION = YES;
				CLANG_WARN_OBJC_LITERAL_CONVERSION = YES;
				CLANG_WARN_OBJC_ROOT_CLASS = YES_ERROR;
				CLANG_WARN_RANGE_LOOP_ANALYSIS = YES;
				CLANG_WARN_STRICT_PROTOTYPES = YES;
				CLANG_WARN_SUSPICIOUS_MOVE = YES;
				CLANG_WARN_UNGUARDED_AVAILABILITY = YES_AGGRESSIVE;
				CLANG_WARN_UNREACHABLE_CODE = YES;
				CLANG_WARN__DUPLICATE_METHOD_MATCH = YES;
				CODE_SIGN_IDENTITY = "-";
				COPY_PHASE_STRIP = NO;
				DEBUG_INFORMATION_FORMAT = dwarf;
				ENABLE_STRICT_OBJC_MSGSEND = YES;
				ENABLE_TESTABILITY = YES;
				GCC_C_LANGUAGE_STANDARD = gnu11;
				GCC_DYNAMIC_NO_PIC = NO;
				GCC_NO_COMMON_BLOCKS = YES;
				GCC_OPTIMIZATION_LEVEL = 0;
				GCC_PREPROCESSOR_DEFINITIONS = (
					"DEBUG=1",
					"$(inherited)",
				);
				GCC_WARN_64_TO_32_BIT_CONVERSION = YES;
				GCC_WARN_ABOUT_RETURN_TYPE = YES_ERROR;
				GCC_WARN_UNDECLARED_SELECTOR = YES;
				GCC_WARN_UNINITIALIZED_AUTOS = YES_AGGRESSIVE;
				GCC_WARN_UNUSED_FUNCTION = YES;
				GCC_WARN_UNUSED_VARIABLE = YES;
				MACOSX_DEPLOYMENT_TARGET = 10.13;
				MTL_ENABLE_DEBUG_INFO = YES;
				ONLY_ACTIVE_ARCH = YES;
				SDKROOT = macosx;
			};
			name = Debug;
		};
		3BA127D42045ED3400240E95 /* Release */ = {
			isa = XCBuildConfiguration;
			buildSettings = {
				ALWAYS_SEARCH_USER_PATHS = NO;
				CLANG_ANALYZER_NONNULL = YES;
				CLANG_ANALYZER_NUMBER_OBJECT_CONVERSION = YES_AGGRESSIVE;
				CLANG_CXX_LANGUAGE_STANDARD = "gnu++14";
				CLANG_CXX_LIBRARY = "libc++";
				CLANG_ENABLE_MODULES = YES;
				CLANG_ENABLE_OBJC_ARC = YES;
				CLANG_WARN_BLOCK_CAPTURE_AUTORELEASING = YES;
				CLANG_WARN_BOOL_CONVERSION = YES;
				CLANG_WARN_COMMA = YES;
				CLANG_WARN_CONSTANT_CONVERSION = YES;
				CLANG_WARN_DIRECT_OBJC_ISA_USAGE = YES_ERROR;
				CLANG_WARN_DOCUMENTATION_COMMENTS = YES;
				CLANG_WARN_EMPTY_BODY = YES;
				CLANG_WARN_ENUM_CONVERSION = YES;
				CLANG_WARN_INFINITE_RECURSION = YES;
				CLANG_WARN_INT_CONVERSION = YES;
				CLANG_WARN_NON_LITERAL_NULL_CONVERSION = YES;
				CLANG_WARN_OBJC_LITERAL_CONVERSION = YES;
				CLANG_WARN_OBJC_ROOT_CLASS = YES_ERROR;
				CLANG_WARN_RANGE_LOOP_ANALYSIS = YES;
				CLANG_WARN_STRICT_PROTOTYPES = YES;
				CLANG_WARN_SUSPICIOUS_MOVE = YES;
				CLANG_WARN_UNGUARDED_AVAILABILITY = YES_AGGRESSIVE;
				CLANG_WARN_UNREACHABLE_CODE = YES;
				CLANG_WARN__DUPLICATE_METHOD_MATCH = YES;
				CODE_SIGN_IDENTITY = "-";
				COPY_PHASE_STRIP = NO;
				DEBUG_INFORMATION_FORMAT = "dwarf-with-dsym";
				ENABLE_NS_ASSERTIONS = NO;
				ENABLE_STRICT_OBJC_MSGSEND = YES;
				GCC_C_LANGUAGE_STANDARD = gnu11;
				GCC_NO_COMMON_BLOCKS = YES;
				GCC_WARN_64_TO_32_BIT_CONVERSION = YES;
				GCC_WARN_ABOUT_RETURN_TYPE = YES_ERROR;
				GCC_WARN_UNDECLARED_SELECTOR = YES;
				GCC_WARN_UNINITIALIZED_AUTOS = YES_AGGRESSIVE;
				GCC_WARN_UNUSED_FUNCTION = YES;
				GCC_WARN_UNUSED_VARIABLE = YES;
				MACOSX_DEPLOYMENT_TARGET = 10.13;
				MTL_ENABLE_DEBUG_INFO = NO;
				SDKROOT = macosx;
			};
			name = Release;
		};
		3BA127D62045ED3400240E95 /* Debug */ = {
			isa = XCBuildConfiguration;
			buildSettings = {
				CODE_SIGN_STYLE = Automatic;
				PRODUCT_NAME = "$(TARGET_NAME)";
			};
			name = Debug;
		};
		3BA127D72045ED3400240E95 /* Release */ = {
			isa = XCBuildConfiguration;
			buildSettings = {
				CODE_SIGN_STYLE = Automatic;
				PRODUCT_NAME = "$(TARGET_NAME)";
			};
			name = Release;
		};
/* End XCBuildConfiguration section */

/* Begin XCConfigurationList section */
		3BA127C92045ED3400240E95 /* Build configuration list for PBXProject "ToyotasAreCarsToo" */ = {
			isa = XCConfigurationList;
			buildConfigurations = (
				3BA127D32045ED3400240E95 /* Debug */,
				3BA127D42045ED3400240E95 /* Release */,
			);
			defaultConfigurationIsVisible = 0;
			defaultConfigurationName = Release;
		};
		3BA127D52045ED3400240E95 /* Build configuration list for PBXNativeTarget "ToyotasAreCarsToo" */ = {
			isa = XCConfigurationList;
			buildConfigurations = (
				3BA127D62045ED3400240E95 /* Debug */,
				3BA127D72045ED3400240E95 /* Release */,
			);
			defaultConfigurationIsVisible = 0;
			defaultConfigurationName = Release;
		};
/* End XCConfigurationList section */
	};
	rootObject = 3BA127C62045ED3400240E95 /* Project object */;
}
